
Microsoft Visual Studio Solution File, Format Version 12.00
# Visual Studio Version 17
VisualStudioVersion = 17.2.34408.132
MinimumVisualStudioVersion = 10.0.40219.1
Project("{8BC9CEB8-8B4A-11D0-8D11-00A0C91BC942}") = "VMX-Sentinel", "VMX-Sentinel.vcxproj", "{C822A6E4-5ABF-461B-94E4-3F6D132D80B3}"
EndProject
Global
	GlobalSection(SolutionConfigurationPlatforms) = preSolution
		Debug|x64 = Debug|x64
		Debug|x86 = Debug|x86
		Release|x64 = Release|x64
		Release|x86 = Release|x86
	EndGlobalSection
	GlobalSection(ProjectConfigurationPlatforms) = postSolution
		{C822A6E4-5ABF-461B-94E4-3F6D132D80B3}.Debug|x64.ActiveCfg = Debug|x64
		{C822A6E4-5ABF-461B-94E4-3F6D132D80B3}.Debug|x64.Build.0 = Debug|x64
		{C822A6E4-5ABF-461B-94E4-3F6D132D80B3}.Debug|x86.ActiveCfg = Debug|Win32
		{C822A6E4-5ABF-461B-94E4-3F6D132D80B3}.Debug|x86.Build.0 = Debug|Win32
		{C822A6E4-5ABF-461B-94E4-3F6D132D80B3}.Release|x64.ActiveCfg = Release|x64
		{C822A6E4-5ABF-461B-94E4-3F6D132D80B3}.Release|x64.Build.0 = Release|x64
		{C822A6E4-5ABF-461B-94E4-3F6D132D80B3}.Release|x86.ActiveCfg = Release|Win32
		{C822A6E4-5ABF-461B-94E4-3F6D132D80B3}.Release|x86.Build.0 = Release|Win32
	EndGlobalSection
	GlobalSection(SolutionProperties) = preSolution
		HideSolutionNode = FALSE
	EndGlobalSection
	GlobalSection(ExtensibilityGlobals) = postSolution
		SolutionGuid = {97500DF7-E83C-41FC-B64B-D7106699DE91}
	EndGlobalSection
EndGlobal
